<?xml version="1.0" encoding="utf-8"?>
<Project ToolsVersion="4.0" xmlns="http://schemas.microsoft.com/developer/msbuild/2003">
  <ItemGroup>
    <Filter Include="Header Files">
      <UniqueIdentifier>{11003e87-b988-46b4-9f48-6dbc17198d43}</UniqueIdentifier>
    </Filter>
    <Filter Include="Source Files">
      <UniqueIdentifier>{022c2d8e-010e-47c4-917e-2229da77eda5}</UniqueIdentifier>
    </Filter>
    <Filter Include="Header Files\GUI">
      <UniqueIdentifier>{2ab08560-f119-45ee-858f-7c7b4f004d10}</UniqueIdentifier>
    </Filter>
    <Filter Include="Header Files\AI">
      <UniqueIdentifier>{46dd0e43-b308-4015-844d-7bff47734a13}</UniqueIdentifier>
    </Filter>
    <Filter Include="Source Files\GUI">
      <UniqueIdentifier>{9688094b-a2a4-49ae-84f8-21e4cf42fed4}</UniqueIdentifier>
    </Filter>
    <Filter Include="Source Files\AI">
      <UniqueIdentifier>{a6e7ebbd-a784-483c-8f15-0157236b96fa}</UniqueIdentifier>
    </Filter>
  </ItemGroup>
  <ItemGroup>
    <ClCompile Include="main.cpp">
      <Filter>Source Files</Filter>
    </ClCompile>
    <ClCompile Include="AlphaBetaPruner.cpp">
      <Filter>Source Files\AI</Filter>
    </ClCompile>
    <ClCompile Include="Player.cpp">
      <Filter>Source Files\GUI</Filter>
    </ClCompile>
    <ClCompile Include="Utils.cpp">
      <Filter>Source Files\GUI</Filter>
    </ClCompile>
    <ClCompile Include="GuiBack.cpp">
      <Filter>Source Files\GUI</Filter>
    </ClCompile>
    <ClCompile Include="GuiFront.cpp">
      <Filter>Source Files\GUI</Filter>
    </ClCompile>
  </ItemGroup>
  <ItemGroup>
    <ClInclude Include="AlphaBetaPruner.h">
      <Filter>Header Files\AI</Filter>
    </ClInclude>
    <ClInclude Include="GuiBack.h">
      <Filter>Header Files\GUI</Filter>
    </ClInclude>
    <ClInclude Include="Player.h">
      <Filter>Header Files\GUI</Filter>
    </ClInclude>
    <ClInclude Include="Utils.h">
      <Filter>Header Files\GUI</Filter>
    </ClInclude>
  </ItemGroup>
  <ItemGroup>
    <QtMoc Include="GuiFront.h">
      <Filter>Header Files\GUI</Filter>
    </QtMoc>
  </ItemGroup>
</Project>